
Microsoft Visual Studio Solution File, Format Version 12.00
# Visual Studio Version 17
VisualStudioVersion = 17.7.34221.43
MinimumVisualStudioVersion = 10.0.40219.1
Project("{FAE04EC0-301F-11D3-BF4B-00C04F79EFBC}") = "9", "9\9.csproj", "{2E16A9FD-4543-42AC-966C-E81CB0F071A5}"
EndProject
Global
	GlobalSection(SolutionConfigurationPlatforms) = preSolution
		Debug|Any CPU = Debug|Any CPU
		Release|Any CPU = Release|Any CPU
	EndGlobalSection
	GlobalSection(ProjectConfigurationPlatforms) = postSolution
		{2E16A9FD-4543-42AC-966C-E81CB0F071A5}.Debug|Any CPU.ActiveCfg = Debug|Any CPU
		{2E16A9FD-4543-42AC-966C-E81CB0F071A5}.Debug|Any CPU.Build.0 = Debug|Any CPU
		{2E16A9FD-4543-42AC-966C-E81CB0F071A5}.Release|Any CPU.ActiveCfg = Release|Any CPU
		{2E16A9FD-4543-42AC-966C-E81CB0F071A5}.Release|Any CPU.Build.0 = Release|Any CPU
	EndGlobalSection
	GlobalSection(SolutionProperties) = preSolution
		HideSolutionNode = FALSE
	EndGlobalSection
	GlobalSection(ExtensibilityGlobals) = postSolution
		SolutionGuid = {6E43B263-8262-4B60-B4BA-DBC7AB693B51}
	EndGlobalSection
EndGlobal
