
Microsoft Visual Studio Solution File, Format Version 12.00
# Visual Studio Version 17
VisualStudioVersion = 17.7.34221.43
MinimumVisualStudioVersion = 10.0.40219.1
Project("{FAE04EC0-301F-11D3-BF4B-00C04F79EFBC}") = "17", "17\17.csproj", "{CF04E5CB-6790-4C9B-9D7E-E06C8FEAA59E}"
EndProject
Global
	GlobalSection(SolutionConfigurationPlatforms) = preSolution
		Debug|Any CPU = Debug|Any CPU
		Release|Any CPU = Release|Any CPU
	EndGlobalSection
	GlobalSection(ProjectConfigurationPlatforms) = postSolution
		{CF04E5CB-6790-4C9B-9D7E-E06C8FEAA59E}.Debug|Any CPU.ActiveCfg = Debug|Any CPU
		{CF04E5CB-6790-4C9B-9D7E-E06C8FEAA59E}.Debug|Any CPU.Build.0 = Debug|Any CPU
		{CF04E5CB-6790-4C9B-9D7E-E06C8FEAA59E}.Release|Any CPU.ActiveCfg = Release|Any CPU
		{CF04E5CB-6790-4C9B-9D7E-E06C8FEAA59E}.Release|Any CPU.Build.0 = Release|Any CPU
	EndGlobalSection
	GlobalSection(SolutionProperties) = preSolution
		HideSolutionNode = FALSE
	EndGlobalSection
	GlobalSection(ExtensibilityGlobals) = postSolution
		SolutionGuid = {C6F0FAD9-421C-4E7E-8073-6F49BE09E470}
	EndGlobalSection
EndGlobal
