
Microsoft Visual Studio Solution File, Format Version 12.00
# Visual Studio Version 17
VisualStudioVersion = 17.7.34221.43
MinimumVisualStudioVersion = 10.0.40219.1
Project("{FAE04EC0-301F-11D3-BF4B-00C04F79EFBC}") = "30", "30\30.csproj", "{D00A0B61-FD52-4C55-ACED-D0B1514167E2}"
EndProject
Global
	GlobalSection(SolutionConfigurationPlatforms) = preSolution
		Debug|Any CPU = Debug|Any CPU
		Release|Any CPU = Release|Any CPU
	EndGlobalSection
	GlobalSection(ProjectConfigurationPlatforms) = postSolution
		{D00A0B61-FD52-4C55-ACED-D0B1514167E2}.Debug|Any CPU.ActiveCfg = Debug|Any CPU
		{D00A0B61-FD52-4C55-ACED-D0B1514167E2}.Debug|Any CPU.Build.0 = Debug|Any CPU
		{D00A0B61-FD52-4C55-ACED-D0B1514167E2}.Release|Any CPU.ActiveCfg = Release|Any CPU
		{D00A0B61-FD52-4C55-ACED-D0B1514167E2}.Release|Any CPU.Build.0 = Release|Any CPU
	EndGlobalSection
	GlobalSection(SolutionProperties) = preSolution
		HideSolutionNode = FALSE
	EndGlobalSection
	GlobalSection(ExtensibilityGlobals) = postSolution
		SolutionGuid = {B06B0EDC-C96C-48CD-899A-C00E9CF8BF26}
	EndGlobalSection
EndGlobal
