
Microsoft Visual Studio Solution File, Format Version 12.00
# Visual Studio Version 17
VisualStudioVersion = 17.7.34221.43
MinimumVisualStudioVersion = 10.0.40219.1
Project("{FAE04EC0-301F-11D3-BF4B-00C04F79EFBC}") = "31", "31\31.csproj", "{6144256C-BD9B-48D7-8852-F52EB7282D1A}"
EndProject
Global
	GlobalSection(SolutionConfigurationPlatforms) = preSolution
		Debug|Any CPU = Debug|Any CPU
		Release|Any CPU = Release|Any CPU
	EndGlobalSection
	GlobalSection(ProjectConfigurationPlatforms) = postSolution
		{6144256C-BD9B-48D7-8852-F52EB7282D1A}.Debug|Any CPU.ActiveCfg = Debug|Any CPU
		{6144256C-BD9B-48D7-8852-F52EB7282D1A}.Debug|Any CPU.Build.0 = Debug|Any CPU
		{6144256C-BD9B-48D7-8852-F52EB7282D1A}.Release|Any CPU.ActiveCfg = Release|Any CPU
		{6144256C-BD9B-48D7-8852-F52EB7282D1A}.Release|Any CPU.Build.0 = Release|Any CPU
	EndGlobalSection
	GlobalSection(SolutionProperties) = preSolution
		HideSolutionNode = FALSE
	EndGlobalSection
	GlobalSection(ExtensibilityGlobals) = postSolution
		SolutionGuid = {BC4B1CD2-AD8F-4F1C-99B9-E0634A450D31}
	EndGlobalSection
EndGlobal
