
Microsoft Visual Studio Solution File, Format Version 12.00
# Visual Studio Version 17
VisualStudioVersion = 17.7.34221.43
MinimumVisualStudioVersion = 10.0.40219.1
Project("{FAE04EC0-301F-11D3-BF4B-00C04F79EFBC}") = "15", "15\15.csproj", "{0FB64E14-9203-4BB9-91A0-2B10B9AE8895}"
EndProject
Global
	GlobalSection(SolutionConfigurationPlatforms) = preSolution
		Debug|Any CPU = Debug|Any CPU
		Release|Any CPU = Release|Any CPU
	EndGlobalSection
	GlobalSection(ProjectConfigurationPlatforms) = postSolution
		{0FB64E14-9203-4BB9-91A0-2B10B9AE8895}.Debug|Any CPU.ActiveCfg = Debug|Any CPU
		{0FB64E14-9203-4BB9-91A0-2B10B9AE8895}.Debug|Any CPU.Build.0 = Debug|Any CPU
		{0FB64E14-9203-4BB9-91A0-2B10B9AE8895}.Release|Any CPU.ActiveCfg = Release|Any CPU
		{0FB64E14-9203-4BB9-91A0-2B10B9AE8895}.Release|Any CPU.Build.0 = Release|Any CPU
	EndGlobalSection
	GlobalSection(SolutionProperties) = preSolution
		HideSolutionNode = FALSE
	EndGlobalSection
	GlobalSection(ExtensibilityGlobals) = postSolution
		SolutionGuid = {5826C4F2-0588-4FA1-B3F6-7DCF36AD6403}
	EndGlobalSection
EndGlobal
