
Microsoft Visual Studio Solution File, Format Version 12.00
# Visual Studio Version 17
VisualStudioVersion = 17.7.34221.43
MinimumVisualStudioVersion = 10.0.40219.1
Project("{FAE04EC0-301F-11D3-BF4B-00C04F79EFBC}") = "14", "14\14.csproj", "{BB4A26A2-06BF-425E-AB1D-0F16C194621E}"
EndProject
Global
	GlobalSection(SolutionConfigurationPlatforms) = preSolution
		Debug|Any CPU = Debug|Any CPU
		Release|Any CPU = Release|Any CPU
	EndGlobalSection
	GlobalSection(ProjectConfigurationPlatforms) = postSolution
		{BB4A26A2-06BF-425E-AB1D-0F16C194621E}.Debug|Any CPU.ActiveCfg = Debug|Any CPU
		{BB4A26A2-06BF-425E-AB1D-0F16C194621E}.Debug|Any CPU.Build.0 = Debug|Any CPU
		{BB4A26A2-06BF-425E-AB1D-0F16C194621E}.Release|Any CPU.ActiveCfg = Release|Any CPU
		{BB4A26A2-06BF-425E-AB1D-0F16C194621E}.Release|Any CPU.Build.0 = Release|Any CPU
	EndGlobalSection
	GlobalSection(SolutionProperties) = preSolution
		HideSolutionNode = FALSE
	EndGlobalSection
	GlobalSection(ExtensibilityGlobals) = postSolution
		SolutionGuid = {BF68DC71-BDDF-413C-A8FC-24CB5793C0AC}
	EndGlobalSection
EndGlobal
